
Microsoft Visual Studio Solution File, Format Version 12.00
# Visual Studio Version 16
VisualStudioVersion = 16.0.33027.164
MinimumVisualStudioVersion = 10.0.40219.1
Project("{FAE04EC0-301F-11D3-BF4B-00C04F79EFBC}") = "1.1", "1.1\1.1.csproj", "{13C0EEE4-9B62-4B68-BECB-639900E177EC}"
EndProject
Project("{FAE04EC0-301F-11D3-BF4B-00C04F79EFBC}") = "1.2", "1.2\1.2.csproj", "{B96F310C-3B7C-4761-8A8B-03F51584653A}"
EndProject
Project("{FAE04EC0-301F-11D3-BF4B-00C04F79EFBC}") = "1.3", "1.3\1.3.csproj", "{9F172184-C143-46A0-BF66-A8C9901E7366}"
EndProject
Project("{FAE04EC0-301F-11D3-BF4B-00C04F79EFBC}") = "2.1", "2.1\2.1.csproj", "{5749D7ED-EA1A-4630-A04E-9CE72A0D91E9}"
EndProject
Project("{FAE04EC0-301F-11D3-BF4B-00C04F79EFBC}") = "2.2", "2.2\2.2.csproj", "{C556378D-D9B5-4AD4-8D57-024DF6E9442D}"
EndProject
Project("{FAE04EC0-301F-11D3-BF4B-00C04F79EFBC}") = "2.3", "2.3\2.3.csproj", "{19037DC6-318F-4514-8769-5B74CB0A1244}"
EndProject
Project("{FAE04EC0-301F-11D3-BF4B-00C04F79EFBC}") = "2.4", "2.4\2.4.csproj", "{2D792992-2E29-4AFB-A0CC-B3FA87280820}"
EndProject
Project("{FAE04EC0-301F-11D3-BF4B-00C04F79EFBC}") = "3.1", "3.1\3.1.csproj", "{E17112AA-E4F3-4D37-8A74-4BB8C3C18CBB}"
EndProject
Project("{FAE04EC0-301F-11D3-BF4B-00C04F79EFBC}") = "3.2", "3.2\3.2.csproj", "{4ABAFAB0-BDB3-4213-8972-39A1B06D03CE}"
EndProject
Project("{FAE04EC0-301F-11D3-BF4B-00C04F79EFBC}") = "3.3", "3.3\3.3.csproj", "{EFCEAFEE-5CC2-4F25-98FF-7B67BFEEA068}"
EndProject
Project("{FAE04EC0-301F-11D3-BF4B-00C04F79EFBC}") = "3.4", "3.4\3.4.csproj", "{9CC0824E-B836-4AEE-9128-A19E790144BE}"
EndProject
Project("{FAE04EC0-301F-11D3-BF4B-00C04F79EFBC}") = "4.1", "4.1\4.1.csproj", "{E3F3B9A1-F1F6-483E-BC29-0EB775D16264}"
EndProject
Project("{FAE04EC0-301F-11D3-BF4B-00C04F79EFBC}") = "4.2", "4.2\4.2.csproj", "{10D788E2-F241-4D4E-A959-31C60F761B27}"
EndProject
Project("{FAE04EC0-301F-11D3-BF4B-00C04F79EFBC}") = "4.3", "4.3\4.3.csproj", "{D9D36588-C81B-4DCD-A730-F7AFB15946D7}"
EndProject
Project("{FAE04EC0-301F-11D3-BF4B-00C04F79EFBC}") = "4.4", "4.4\4.4.csproj", "{19B1CE2F-0F4A-4247-BC04-DFA791C23575}"
EndProject
Global
	GlobalSection(SolutionConfigurationPlatforms) = preSolution
		Debug|Any CPU = Debug|Any CPU
		Release|Any CPU = Release|Any CPU
	EndGlobalSection
	GlobalSection(ProjectConfigurationPlatforms) = postSolution
		{13C0EEE4-9B62-4B68-BECB-639900E177EC}.Debug|Any CPU.ActiveCfg = Debug|Any CPU
		{13C0EEE4-9B62-4B68-BECB-639900E177EC}.Debug|Any CPU.Build.0 = Debug|Any CPU
		{13C0EEE4-9B62-4B68-BECB-639900E177EC}.Release|Any CPU.ActiveCfg = Release|Any CPU
		{13C0EEE4-9B62-4B68-BECB-639900E177EC}.Release|Any CPU.Build.0 = Release|Any CPU
		{B96F310C-3B7C-4761-8A8B-03F51584653A}.Debug|Any CPU.ActiveCfg = Debug|Any CPU
		{B96F310C-3B7C-4761-8A8B-03F51584653A}.Debug|Any CPU.Build.0 = Debug|Any CPU
		{B96F310C-3B7C-4761-8A8B-03F51584653A}.Release|Any CPU.ActiveCfg = Release|Any CPU
		{B96F310C-3B7C-4761-8A8B-03F51584653A}.Release|Any CPU.Build.0 = Release|Any CPU
		{9F172184-C143-46A0-BF66-A8C9901E7366}.Debug|Any CPU.ActiveCfg = Debug|Any CPU
		{9F172184-C143-46A0-BF66-A8C9901E7366}.Debug|Any CPU.Build.0 = Debug|Any CPU
		{9F172184-C143-46A0-BF66-A8C9901E7366}.Release|Any CPU.ActiveCfg = Release|Any CPU
		{9F172184-C143-46A0-BF66-A8C9901E7366}.Release|Any CPU.Build.0 = Release|Any CPU
		{5749D7ED-EA1A-4630-A04E-9CE72A0D91E9}.Debug|Any CPU.ActiveCfg = Debug|Any CPU
		{5749D7ED-EA1A-4630-A04E-9CE72A0D91E9}.Debug|Any CPU.Build.0 = Debug|Any CPU
		{5749D7ED-EA1A-4630-A04E-9CE72A0D91E9}.Release|Any CPU.ActiveCfg = Release|Any CPU
		{5749D7ED-EA1A-4630-A04E-9CE72A0D91E9}.Release|Any CPU.Build.0 = Release|Any CPU
		{C556378D-D9B5-4AD4-8D57-024DF6E9442D}.Debug|Any CPU.ActiveCfg = Debug|Any CPU
		{C556378D-D9B5-4AD4-8D57-024DF6E9442D}.Debug|Any CPU.Build.0 = Debug|Any CPU
		{C556378D-D9B5-4AD4-8D57-024DF6E9442D}.Release|Any CPU.ActiveCfg = Release|Any CPU
		{C556378D-D9B5-4AD4-8D57-024DF6E9442D}.Release|Any CPU.Build.0 = Release|Any CPU
		{19037DC6-318F-4514-8769-5B74CB0A1244}.Debug|Any CPU.ActiveCfg = Debug|Any CPU
		{19037DC6-318F-4514-8769-5B74CB0A1244}.Debug|Any CPU.Build.0 = Debug|Any CPU
		{19037DC6-318F-4514-8769-5B74CB0A1244}.Release|Any CPU.ActiveCfg = Release|Any CPU
		{19037DC6-318F-4514-8769-5B74CB0A1244}.Release|Any CPU.Build.0 = Release|Any CPU
		{2D792992-2E29-4AFB-A0CC-B3FA87280820}.Debug|Any CPU.ActiveCfg = Debug|Any CPU
		{2D792992-2E29-4AFB-A0CC-B3FA87280820}.Debug|Any CPU.Build.0 = Debug|Any CPU
		{2D792992-2E29-4AFB-A0CC-B3FA87280820}.Release|Any CPU.ActiveCfg = Release|Any CPU
		{2D792992-2E29-4AFB-A0CC-B3FA87280820}.Release|Any CPU.Build.0 = Release|Any CPU
		{E17112AA-E4F3-4D37-8A74-4BB8C3C18CBB}.Debug|Any CPU.ActiveCfg = Debug|Any CPU
		{E17112AA-E4F3-4D37-8A74-4BB8C3C18CBB}.Debug|Any CPU.Build.0 = Debug|Any CPU
		{E17112AA-E4F3-4D37-8A74-4BB8C3C18CBB}.Release|Any CPU.ActiveCfg = Release|Any CPU
		{E17112AA-E4F3-4D37-8A74-4BB8C3C18CBB}.Release|Any CPU.Build.0 = Release|Any CPU
		{4ABAFAB0-BDB3-4213-8972-39A1B06D03CE}.Debug|Any CPU.ActiveCfg = Debug|Any CPU
		{4ABAFAB0-BDB3-4213-8972-39A1B06D03CE}.Debug|Any CPU.Build.0 = Debug|Any CPU
		{4ABAFAB0-BDB3-4213-8972-39A1B06D03CE}.Release|Any CPU.ActiveCfg = Release|Any CPU
		{4ABAFAB0-BDB3-4213-8972-39A1B06D03CE}.Release|Any CPU.Build.0 = Release|Any CPU
		{EFCEAFEE-5CC2-4F25-98FF-7B67BFEEA068}.Debug|Any CPU.ActiveCfg = Debug|Any CPU
		{EFCEAFEE-5CC2-4F25-98FF-7B67BFEEA068}.Debug|Any CPU.Build.0 = Debug|Any CPU
		{EFCEAFEE-5CC2-4F25-98FF-7B67BFEEA068}.Release|Any CPU.ActiveCfg = Release|Any CPU
		{EFCEAFEE-5CC2-4F25-98FF-7B67BFEEA068}.Release|Any CPU.Build.0 = Release|Any CPU
		{9CC0824E-B836-4AEE-9128-A19E790144BE}.Debug|Any CPU.ActiveCfg = Debug|Any CPU
		{9CC0824E-B836-4AEE-9128-A19E790144BE}.Debug|Any CPU.Build.0 = Debug|Any CPU
		{9CC0824E-B836-4AEE-9128-A19E790144BE}.Release|Any CPU.ActiveCfg = Release|Any CPU
		{9CC0824E-B836-4AEE-9128-A19E790144BE}.Release|Any CPU.Build.0 = Release|Any CPU
		{E3F3B9A1-F1F6-483E-BC29-0EB775D16264}.Debug|Any CPU.ActiveCfg = Debug|Any CPU
		{E3F3B9A1-F1F6-483E-BC29-0EB775D16264}.Debug|Any CPU.Build.0 = Debug|Any CPU
		{E3F3B9A1-F1F6-483E-BC29-0EB775D16264}.Release|Any CPU.ActiveCfg = Release|Any CPU
		{E3F3B9A1-F1F6-483E-BC29-0EB775D16264}.Release|Any CPU.Build.0 = Release|Any CPU
		{10D788E2-F241-4D4E-A959-31C60F761B27}.Debug|Any CPU.ActiveCfg = Debug|Any CPU
		{10D788E2-F241-4D4E-A959-31C60F761B27}.Debug|Any CPU.Build.0 = Debug|Any CPU
		{10D788E2-F241-4D4E-A959-31C60F761B27}.Release|Any CPU.ActiveCfg = Release|Any CPU
		{10D788E2-F241-4D4E-A959-31C60F761B27}.Release|Any CPU.Build.0 = Release|Any CPU
		{D9D36588-C81B-4DCD-A730-F7AFB15946D7}.Debug|Any CPU.ActiveCfg = Debug|Any CPU
		{D9D36588-C81B-4DCD-A730-F7AFB15946D7}.Debug|Any CPU.Build.0 = Debug|Any CPU
		{D9D36588-C81B-4DCD-A730-F7AFB15946D7}.Release|Any CPU.ActiveCfg = Release|Any CPU
		{D9D36588-C81B-4DCD-A730-F7AFB15946D7}.Release|Any CPU.Build.0 = Release|Any CPU
		{19B1CE2F-0F4A-4247-BC04-DFA791C23575}.Debug|Any CPU.ActiveCfg = Debug|Any CPU
		{19B1CE2F-0F4A-4247-BC04-DFA791C23575}.Debug|Any CPU.Build.0 = Debug|Any CPU
		{19B1CE2F-0F4A-4247-BC04-DFA791C23575}.Release|Any CPU.ActiveCfg = Release|Any CPU
		{19B1CE2F-0F4A-4247-BC04-DFA791C23575}.Release|Any CPU.Build.0 = Release|Any CPU
	EndGlobalSection
	GlobalSection(SolutionProperties) = preSolution
		HideSolutionNode = FALSE
	EndGlobalSection
	GlobalSection(ExtensibilityGlobals) = postSolution
		SolutionGuid = {68DF5E88-FBD9-4B1A-B6B6-8E33A27BD320}
	EndGlobalSection
EndGlobal
